// !$*UTF8*$!
{
	archiveVersion = 1;
	classes = {
	};
	objectVersion = 56;
	objects = {

/* Begin PBXBuildFile section */
		CF3063B729AD3D0200D93256 /* DetailView.swift in Sources */ = {isa = PBXBuildFile; fileRef = CF3063B629AD3D0200D93256 /* DetailView.swift */; };
		CF3063B929AD421400D93256 /* TextEntryForm.swift in Sources */ = {isa = PBXBuildFile; fileRef = CF3063B829AD421400D93256 /* TextEntryForm.swift */; };
		CF3063BB29AD46CD00D93256 /* MyTableView.swift in Sources */ = {isa = PBXBuildFile; fileRef = CF3063BA29AD46CD00D93256 /* MyTableView.swift */; };
		CF3063C429ADF38F00D93256 /* Webinar-Watch Watch App.app in Embed Watch Content */ = {isa = PBXBuildFile; fileRef = CF3063C329ADF38F00D93256 /* Webinar-Watch Watch App.app */; settings = {ATTRIBUTES = (RemoveHeadersOnCopy, ); }; };
		CF3063C929ADF38F00D93256 /* Webinar_WatchApp.swift in Sources */ = {isa = PBXBuildFile; fileRef = CF3063C829ADF38F00D93256 /* Webinar_WatchApp.swift */; };
		CF3063CB29ADF38F00D93256 /* ContentView.swift in Sources */ = {isa = PBXBuildFile; fileRef = CF3063CA29ADF38F00D93256 /* ContentView.swift */; };
		CF3063CD29ADF39000D93256 /* Assets.xcassets in Resources */ = {isa = PBXBuildFile; fileRef = CF3063CC29ADF39000D93256 /* Assets.xcassets */; };
		CF3063D029ADF39000D93256 /* Preview Assets.xcassets in Resources */ = {isa = PBXBuildFile; fileRef = CF3063CF29ADF39000D93256 /* Preview Assets.xcassets */; };
		CF7D4FA729ACEAF900BC921D /* WebinarApp.swift in Sources */ = {isa = PBXBuildFile; fileRef = CF7D4FA629ACEAF900BC921D /* WebinarApp.swift */; };
		CF7D4FA929ACEAF900BC921D /* ContentView.swift in Sources */ = {isa = PBXBuildFile; fileRef = CF7D4FA829ACEAF900BC921D /* ContentView.swift */; };
		CF7D4FAB29ACEAF900BC921D /* Assets.xcassets in Resources */ = {isa = PBXBuildFile; fileRef = CF7D4FAA29ACEAF900BC921D /* Assets.xcassets */; };
		CF7D4FAF29ACEAF900BC921D /* Preview Assets.xcassets in Resources */ = {isa = PBXBuildFile; fileRef = CF7D4FAE29ACEAF900BC921D /* Preview Assets.xcassets */; };
/* End PBXBuildFile section */

/* Begin PBXContainerItemProxy section */
		CF3063C529ADF38F00D93256 /* PBXContainerItemProxy */ = {
			isa = PBXContainerItemProxy;
			containerPortal = CF7D4F9B29ACEAF900BC921D /* Project object */;
			proxyType = 1;
			remoteGlobalIDString = CF3063C229ADF38F00D93256;
			remoteInfo = "Webinar-Watch Watch App";
		};
/* End PBXContainerItemProxy section */

/* Begin PBXCopyFilesBuildPhase section */
		CF3063D429ADF39000D93256 /* Embed Watch Content */ = {
			isa = PBXCopyFilesBuildPhase;
			buildActionMask = 2147483647;
			dstPath = "$(CONTENTS_FOLDER_PATH)/Watch";
			dstSubfolderSpec = 16;
			files = (
				CF3063C429ADF38F00D93256 /* Webinar-Watch Watch App.app in Embed Watch Content */,
			);
			name = "Embed Watch Content";
			runOnlyForDeploymentPostprocessing = 0;
		};
/* End PBXCopyFilesBuildPhase section */

/* Begin PBXFileReference section */
		CF3063B629AD3D0200D93256 /* DetailView.swift */ = {isa = PBXFileReference; lastKnownFileType = sourcecode.swift; path = DetailView.swift; sourceTree = "<group>"; };
		CF3063B829AD421400D93256 /* TextEntryForm.swift */ = {isa = PBXFileReference; lastKnownFileType = sourcecode.swift; path = TextEntryForm.swift; sourceTree = "<group>"; };
		CF3063BA29AD46CD00D93256 /* MyTableView.swift */ = {isa = PBXFileReference; lastKnownFileType = sourcecode.swift; path = MyTableView.swift; sourceTree = "<group>"; };
		CF3063BE29ADF38F00D93256 /* Webinar-Watch.app */ = {isa = PBXFileReference; explicitFileType = wrapper.application; includeInIndex = 0; path = "Webinar-Watch.app"; sourceTree = BUILT_PRODUCTS_DIR; };
		CF3063C329ADF38F00D93256 /* Webinar-Watch Watch App.app */ = {isa = PBXFileReference; explicitFileType = wrapper.application; includeInIndex = 0; path = "Webinar-Watch Watch App.app"; sourceTree = BUILT_PRODUCTS_DIR; };
		CF3063C829ADF38F00D93256 /* Webinar_WatchApp.swift */ = {isa = PBXFileReference; lastKnownFileType = sourcecode.swift; path = Webinar_WatchApp.swift; sourceTree = "<group>"; };
		CF3063CA29ADF38F00D93256 /* ContentView.swift */ = {isa = PBXFileReference; lastKnownFileType = sourcecode.swift; path = ContentView.swift; sourceTree = "<group>"; };
		CF3063CC29ADF39000D93256 /* Assets.xcassets */ = {isa = PBXFileReference; lastKnownFileType = folder.assetcatalog; path = Assets.xcassets; sourceTree = "<group>"; };
		CF3063CF29ADF39000D93256 /* Preview Assets.xcassets */ = {isa = PBXFileReference; lastKnownFileType = folder.assetcatalog; path = "Preview Assets.xcassets"; sourceTree = "<group>"; };
		CF7D4FA329ACEAF900BC921D /* Webinar.app */ = {isa = PBXFileReference; explicitFileType = wrapper.application; includeInIndex = 0; path = Webinar.app; sourceTree = BUILT_PRODUCTS_DIR; };
		CF7D4FA629ACEAF900BC921D /* WebinarApp.swift */ = {isa = PBXFileReference; lastKnownFileType = sourcecode.swift; path = WebinarApp.swift; sourceTree = "<group>"; };
		CF7D4FA829ACEAF900BC921D /* ContentView.swift */ = {isa = PBXFileReference; lastKnownFileType = sourcecode.swift; path = ContentView.swift; sourceTree = "<group>"; };
		CF7D4FAA29ACEAF900BC921D /* Assets.xcassets */ = {isa = PBXFileReference; lastKnownFileType = folder.assetcatalog; path = Assets.xcassets; sourceTree = "<group>"; };
		CF7D4FAC29ACEAF900BC921D /* Webinar.entitlements */ = {isa = PBXFileReference; lastKnownFileType = text.plist.entitlements; path = Webinar.entitlements; sourceTree = "<group>"; };
		CF7D4FAE29ACEAF900BC921D /* Preview Assets.xcassets */ = {isa = PBXFileReference; lastKnownFileType = folder.assetcatalog; path = "Preview Assets.xcassets"; sourceTree = "<group>"; };
/* End PBXFileReference section */

/* Begin PBXFrameworksBuildPhase section */
		CF3063C029ADF38F00D93256 /* Frameworks */ = {
			isa = PBXFrameworksBuildPhase;
			buildActionMask = 2147483647;
			files = (
			);
			runOnlyForDeploymentPostprocessing = 0;
		};
		CF7D4FA029ACEAF900BC921D /* Frameworks */ = {
			isa = PBXFrameworksBuildPhase;
			buildActionMask = 2147483647;
			files = (
			);
			runOnlyForDeploymentPostprocessing = 0;
		};
/* End PBXFrameworksBuildPhase section */

/* Begin PBXGroup section */
		CF3063C729ADF38F00D93256 /* Webinar-Watch Watch App */ = {
			isa = PBXGroup;
			children = (
				CF3063C829ADF38F00D93256 /* Webinar_WatchApp.swift */,
				CF3063CA29ADF38F00D93256 /* ContentView.swift */,
				CF3063CC29ADF39000D93256 /* Assets.xcassets */,
				CF3063CE29ADF39000D93256 /* Preview Content */,
			);
			path = "Webinar-Watch Watch App";
			sourceTree = "<group>";
		};
		CF3063CE29ADF39000D93256 /* Preview Content */ = {
			isa = PBXGroup;
			children = (
				CF3063CF29ADF39000D93256 /* Preview Assets.xcassets */,
			);
			path = "Preview Content";
			sourceTree = "<group>";
		};
		CF7D4F9A29ACEAF900BC921D = {
			isa = PBXGroup;
			children = (
				CF7D4FA529ACEAF900BC921D /* Webinar */,
				CF3063C729ADF38F00D93256 /* Webinar-Watch Watch App */,
				CF7D4FA429ACEAF900BC921D /* Products */,
			);
			sourceTree = "<group>";
		};
		CF7D4FA429ACEAF900BC921D /* Products */ = {
			isa = PBXGroup;
			children = (
				CF7D4FA329ACEAF900BC921D /* Webinar.app */,
				CF3063BE29ADF38F00D93256 /* Webinar-Watch.app */,
				CF3063C329ADF38F00D93256 /* Webinar-Watch Watch App.app */,
			);
			name = Products;
			sourceTree = "<group>";
		};
		CF7D4FA529ACEAF900BC921D /* Webinar */ = {
			isa = PBXGroup;
			children = (
				CF7D4FA629ACEAF900BC921D /* WebinarApp.swift */,
				CF7D4FA829ACEAF900BC921D /* ContentView.swift */,
				CF3063BA29AD46CD00D93256 /* MyTableView.swift */,
				CF3063B829AD421400D93256 /* TextEntryForm.swift */,
				CF3063B629AD3D0200D93256 /* DetailView.swift */,
				CF7D4FAA29ACEAF900BC921D /* Assets.xcassets */,
				CF7D4FAC29ACEAF900BC921D /* Webinar.entitlements */,
				CF7D4FAD29ACEAF900BC921D /* Preview Content */,
			);
			path = Webinar;
			sourceTree = "<group>";
		};
		CF7D4FAD29ACEAF900BC921D /* Preview Content */ = {
			isa = PBXGroup;
			children = (
				CF7D4FAE29ACEAF900BC921D /* Preview Assets.xcassets */,
			);
			path = "Preview Content";
			sourceTree = "<group>";
		};
/* End PBXGroup section */

/* Begin PBXNativeTarget section */
		CF3063BD29ADF38F00D93256 /* Webinar-Watch */ = {
			isa = PBXNativeTarget;
			buildConfigurationList = CF3063D529ADF39000D93256 /* Build configuration list for PBXNativeTarget "Webinar-Watch" */;
			buildPhases = (
				CF3063BC29ADF38F00D93256 /* Resources */,
				CF3063D429ADF39000D93256 /* Embed Watch Content */,
			);
			buildRules = (
			);
			dependencies = (
				CF3063C629ADF38F00D93256 /* PBXTargetDependency */,
			);
			name = "Webinar-Watch";
			productName = "Webinar-Watch";
			productReference = CF3063BE29ADF38F00D93256 /* Webinar-Watch.app */;
			productType = "com.apple.product-type.application.watchapp2-container";
		};
		CF3063C229ADF38F00D93256 /* Webinar-Watch Watch App */ = {
			isa = PBXNativeTarget;
			buildConfigurationList = CF3063D129ADF39000D93256 /* Build configuration list for PBXNativeTarget "Webinar-Watch Watch App" */;
			buildPhases = (
				CF3063BF29ADF38F00D93256 /* Sources */,
				CF3063C029ADF38F00D93256 /* Frameworks */,
				CF3063C129ADF38F00D93256 /* Resources */,
			);
			buildRules = (
			);
			dependencies = (
			);
			name = "Webinar-Watch Watch App";
			productName = "Webinar-Watch Watch App";
			productReference = CF3063C329ADF38F00D93256 /* Webinar-Watch Watch App.app */;
			productType = "com.apple.product-type.application";
		};
		CF7D4FA229ACEAF900BC921D /* Webinar */ = {
			isa = PBXNativeTarget;
			buildConfigurationList = CF7D4FB229ACEAF900BC921D /* Build configuration list for PBXNativeTarget "Webinar" */;
			buildPhases = (
				CF7D4F9F29ACEAF900BC921D /* Sources */,
				CF7D4FA029ACEAF900BC921D /* Frameworks */,
				CF7D4FA129ACEAF900BC921D /* Resources */,
			);
			buildRules = (
			);
			dependencies = (
			);
			name = Webinar;
			productName = Webinar;
			productReference = CF7D4FA329ACEAF900BC921D /* Webinar.app */;
			productType = "com.apple.product-type.application";
		};
/* End PBXNativeTarget section */

/* Begin PBXProject section */
		CF7D4F9B29ACEAF900BC921D /* Project object */ = {
			isa = PBXProject;
			attributes = {
				BuildIndependentTargetsInParallel = 1;
				LastSwiftUpdateCheck = 1420;
				LastUpgradeCheck = 1420;
				TargetAttributes = {
					CF3063BD29ADF38F00D93256 = {
						CreatedOnToolsVersion = 14.2;
					};
					CF3063C229ADF38F00D93256 = {
						CreatedOnToolsVersion = 14.2;
					};
					CF7D4FA229ACEAF900BC921D = {
						CreatedOnToolsVersion = 14.2;
					};
				};
			};
			buildConfigurationList = CF7D4F9E29ACEAF900BC921D /* Build configuration list for PBXProject "Webinar" */;
			compatibilityVersion = "Xcode 14.0";
			developmentRegion = en;
			hasScannedForEncodings = 0;
			knownRegions = (
				en,
				Base,
			);
			mainGroup = CF7D4F9A29ACEAF900BC921D;
			productRefGroup = CF7D4FA429ACEAF900BC921D /* Products */;
			projectDirPath = "";
			projectRoot = "";
			targets = (
				CF7D4FA229ACEAF900BC921D /* Webinar */,
				CF3063BD29ADF38F00D93256 /* Webinar-Watch */,
				CF3063C229ADF38F00D93256 /* Webinar-Watch Watch App */,
			);
		};
/* End PBXProject section */

/* Begin PBXResourcesBuildPhase section */
		CF3063BC29ADF38F00D93256 /* Resources */ = {
			isa = PBXResourcesBuildPhase;
			buildActionMask = 2147483647;
			files = (
			);
			runOnlyForDeploymentPostprocessing = 0;
		};
		CF3063C129ADF38F00D93256 /* Resources */ = {
			isa = PBXResourcesBuildPhase;
			buildActionMask = 2147483647;
			files = (
				CF3063D029ADF39000D93256 /* Preview Assets.xcassets in Resources */,
				CF3063CD29ADF39000D93256 /* Assets.xcassets in Resources */,
			);
			runOnlyForDeploymentPostprocessing = 0;
		};
		CF7D4FA129ACEAF900BC921D /* Resources */ = {
			isa = PBXResourcesBuildPhase;
			buildActionMask = 2147483647;
			files = (
				CF7D4FAF29ACEAF900BC921D /* Preview Assets.xcassets in Resources */,
				CF7D4FAB29ACEAF900BC921D /* Assets.xcassets in Resources */,
			);
			runOnlyForDeploymentPostprocessing = 0;
		};
/* End PBXResourcesBuildPhase section */

/* Begin PBXSourcesBuildPhase section */
		CF3063BF29ADF38F00D93256 /* Sources */ = {
			isa = PBXSourcesBuildPhase;
			buildActionMask = 2147483647;
			files = (
				CF3063CB29ADF38F00D93256 /* ContentView.swift in Sources */,
				CF3063C929ADF38F00D93256 /* Webinar_WatchApp.swift in Sources */,
			);
			runOnlyForDeploymentPostprocessing = 0;
		};
		CF7D4F9F29ACEAF900BC921D /* Sources */ = {
			isa = PBXSourcesBuildPhase;
			buildActionMask = 2147483647;
			files = (
				CF7D4FA929ACEAF900BC921D /* ContentView.swift in Sources */,
				CF3063BB29AD46CD00D93256 /* MyTableView.swift in Sources */,
				CF3063B929AD421400D93256 /* TextEntryForm.swift in Sources */,
				CF3063B729AD3D0200D93256 /* DetailView.swift in Sources */,
				CF7D4FA729ACEAF900BC921D /* WebinarApp.swift in Sources */,
			);
			runOnlyForDeploymentPostprocessing = 0;
		};
/* End PBXSourcesBuildPhase section */

/* Begin PBXTargetDependency section */
		CF3063C629ADF38F00D93256 /* PBXTargetDependency */ = {
			isa = PBXTargetDependency;
			target = CF3063C229ADF38F00D93256 /* Webinar-Watch Watch App */;
			targetProxy = CF3063C529ADF38F00D93256 /* PBXContainerItemProxy */;
		};
/* End PBXTargetDependency section */

/* Begin XCBuildConfiguration section */
		CF3063D229ADF39000D93256 /* Debug */ = {
			isa = XCBuildConfiguration;
			buildSettings = {
				ASSETCATALOG_COMPILER_APPICON_NAME = AppIcon;
				ASSETCATALOG_COMPILER_GLOBAL_ACCENT_COLOR_NAME = AccentColor;
				CODE_SIGN_STYLE = Automatic;
				CURRENT_PROJECT_VERSION = 1;
				DEVELOPMENT_ASSET_PATHS = "\"Webinar-Watch Watch App/Preview Content\"";
				DEVELOPMENT_TEAM = MX2FBKL65A;
				ENABLE_PREVIEWS = YES;
				GENERATE_INFOPLIST_FILE = YES;
				INFOPLIST_KEY_CFBundleDisplayName = "Webinar-Watch";
				INFOPLIST_KEY_UISupportedInterfaceOrientations = "UIInterfaceOrientationPortrait UIInterfaceOrientationPortraitUpsideDown";
				INFOPLIST_KEY_WKWatchOnly = YES;
				LD_RUNPATH_SEARCH_PATHS = (
					"$(inherited)",
					"@executable_path/Frameworks",
				);
				MARKETING_VERSION = 1.0;
				PRODUCT_BUNDLE_IDENTIFIER = "com.appnoe.Webinar-Watch.watchkitapp";
				PRODUCT_NAME = "$(TARGET_NAME)";
				SDKROOT = watchos;
				SKIP_INSTALL = YES;
				SWIFT_EMIT_LOC_STRINGS = YES;
				SWIFT_VERSION = 5.0;
				TARGETED_DEVICE_FAMILY = 4;
				WATCHOS_DEPLOYMENT_TARGET = 9.1;
			};
			name = Debug;
		};
		CF3063D329ADF39000D93256 /* Release */ = {
			isa = XCBuildConfiguration;
			buildSettings = {
				ASSETCATALOG_COMPILER_APPICON_NAME = AppIcon;
				ASSETCATALOG_COMPILER_GLOBAL_ACCENT_COLOR_NAME = AccentColor;
				CODE_SIGN_STYLE = Automatic;
				CURRENT_PROJECT_VERSION = 1;
				DEVELOPMENT_ASSET_PATHS = "\"Webinar-Watch Watch App/Preview Content\"";
				DEVELOPMENT_TEAM = MX2FBKL65A;
				ENABLE_PREVIEWS = YES;
				GENERATE_INFOPLIST_FILE = YES;
				INFOPLIST_KEY_CFBundleDisplayName = "Webinar-Watch";
				INFOPLIST_KEY_UISupportedInterfaceOrientations = "UIInterfaceOrientationPortrait UIInterfaceOrientationPortraitUpsideDown";
				INFOPLIST_KEY_WKWatchOnly = YES;
				LD_RUNPATH_SEARCH_PATHS = (
					"$(inherited)",
					"@executable_path/Frameworks",
				);
				MARKETING_VERSION = 1.0;
				PRODUCT_BUNDLE_IDENTIFIER = "com.appnoe.Webinar-Watch.watchkitapp";
				PRODUCT_NAME = "$(TARGET_NAME)";
				SDKROOT = watchos;
				SKIP_INSTALL = YES;
				SWIFT_EMIT_LOC_STRINGS = YES;
				SWIFT_VERSION = 5.0;
				TARGETED_DEVICE_FAMILY = 4;
				VALIDATE_PRODUCT = YES;
				WATCHOS_DEPLOYMENT_TARGET = 9.1;
			};
			name = Release;
		};
		CF3063D629ADF39000D93256 /* Debug */ = {
			isa = XCBuildConfiguration;
			buildSettings = {
				ALWAYS_EMBED_SWIFT_STANDARD_LIBRARIES = YES;
				CODE_SIGN_STYLE = Automatic;
				CURRENT_PROJECT_VERSION = 1;
				DEVELOPMENT_TEAM = MX2FBKL65A;
				INFOPLIST_KEY_CFBundleDisplayName = "Webinar-Watch";
				MARKETING_VERSION = 1.0;
				PRODUCT_BUNDLE_IDENTIFIER = "com.appnoe.Webinar-Watch";
				PRODUCT_NAME = "$(TARGET_NAME)";
				SDKROOT = iphoneos;
				SWIFT_VERSION = 5.0;
			};
			name = Debug;
		};
		CF3063D729ADF39000D93256 /* Release */ = {
			isa = XCBuildConfiguration;
			buildSettings = {
				ALWAYS_EMBED_SWIFT_STANDARD_LIBRARIES = YES;
				CODE_SIGN_STYLE = Automatic;
				CURRENT_PROJECT_VERSION = 1;
				DEVELOPMENT_TEAM = MX2FBKL65A;
				INFOPLIST_KEY_CFBundleDisplayName = "Webinar-Watch";
				MARKETING_VERSION = 1.0;
				PRODUCT_BUNDLE_IDENTIFIER = "com.appnoe.Webinar-Watch";
				PRODUCT_NAME = "$(TARGET_NAME)";
				SDKROOT = iphoneos;
				SWIFT_VERSION = 5.0;
				VALIDATE_PRODUCT = YES;
			};
			name = Release;
		};
		CF7D4FB029ACEAF900BC921D /* Debug */ = {
			isa = XCBuildConfiguration;
			buildSettings = {
				ALWAYS_SEARCH_USER_PATHS = NO;
				CLANG_ANALYZER_NONNULL = YES;
				CLANG_ANALYZER_NUMBER_OBJECT_CONVERSION = YES_AGGRESSIVE;
				CLANG_CXX_LANGUAGE_STANDARD = "gnu++20";
				CLANG_ENABLE_MODULES = YES;
				CLANG_ENABLE_OBJC_ARC = YES;
				CLANG_ENABLE_OBJC_WEAK = YES;
				CLANG_WARN_BLOCK_CAPTURE_AUTORELEASING = YES;
				CLANG_WARN_BOOL_CONVERSION = YES;
				CLANG_WARN_COMMA = YES;
				CLANG_WARN_CONSTANT_CONVERSION = YES;
				CLANG_WARN_DEPRECATED_OBJC_IMPLEMENTATIONS = YES;
				CLANG_WARN_DIRECT_OBJC_ISA_USAGE = YES_ERROR;
				CLANG_WARN_DOCUMENTATION_COMMENTS = YES;
				CLANG_WARN_EMPTY_BODY = YES;
				CLANG_WARN_ENUM_CONVERSION = YES;
				CLANG_WARN_INFINITE_RECURSION = YES;
				CLANG_WARN_INT_CONVERSION = YES;
				CLANG_WARN_NON_LITERAL_NULL_CONVERSION = YES;
				CLANG_WARN_OBJC_IMPLICIT_RETAIN_SELF = YES;
				CLANG_WARN_OBJC_LITERAL_CONVERSION = YES;
				CLANG_WARN_OBJC_ROOT_CLASS = YES_ERROR;
				CLANG_WARN_QUOTED_INCLUDE_IN_FRAMEWORK_HEADER = YES;
				CLANG_WARN_RANGE_LOOP_ANALYSIS = YES;
				CLANG_WARN_STRICT_PROTOTYPES = YES;
				CLANG_WARN_SUSPICIOUS_MOVE = YES;
				CLANG_WARN_UNGUARDED_AVAILABILITY = YES_AGGRESSIVE;
				CLANG_WARN_UNREACHABLE_CODE = YES;
				CLANG_WARN__DUPLICATE_METHOD_MATCH = YES;
				COPY_PHASE_STRIP = NO;
				DEBUG_INFORMATION_FORMAT = dwarf;
				ENABLE_STRICT_OBJC_MSGSEND = YES;
				ENABLE_TESTABILITY = YES;
				GCC_C_LANGUAGE_STANDARD = gnu11;
				GCC_DYNAMIC_NO_PIC = NO;
				GCC_NO_COMMON_BLOCKS = YES;
				GCC_OPTIMIZATION_LEVEL = 0;
				GCC_PREPROCESSOR_DEFINITIONS = (
					"DEBUG=1",
					"$(inherited)",
				);
				GCC_WARN_64_TO_32_BIT_CONVERSION = YES;
				GCC_WARN_ABOUT_RETURN_TYPE = YES_ERROR;
				GCC_WARN_UNDECLARED_SELECTOR = YES;
				GCC_WARN_UNINITIALIZED_AUTOS = YES_AGGRESSIVE;
				GCC_WARN_UNUSED_FUNCTION = YES;
				GCC_WARN_UNUSED_VARIABLE = YES;
				MTL_ENABLE_DEBUG_INFO = INCLUDE_SOURCE;
				MTL_FAST_MATH = YES;
				ONLY_ACTIVE_ARCH = YES;
				SWIFT_ACTIVE_COMPILATION_CONDITIONS = DEBUG;
				SWIFT_OPTIMIZATION_LEVEL = "-Onone";
			};
			name = Debug;
		};
		CF7D4FB129ACEAF900BC921D /* Release */ = {
			isa = XCBuildConfiguration;
			buildSettings = {
				ALWAYS_SEARCH_USER_PATHS = NO;
				CLANG_ANALYZER_NONNULL = YES;
				CLANG_ANALYZER_NUMBER_OBJECT_CONVERSION = YES_AGGRESSIVE;
				CLANG_CXX_LANGUAGE_STANDARD = "gnu++20";
				CLANG_ENABLE_MODULES = YES;
				CLANG_ENABLE_OBJC_ARC = YES;
				CLANG_ENABLE_OBJC_WEAK = YES;
				CLANG_WARN_BLOCK_CAPTURE_AUTORELEASING = YES;
				CLANG_WARN_BOOL_CONVERSION = YES;
				CLANG_WARN_COMMA = YES;
				CLANG_WARN_CONSTANT_CONVERSION = YES;
				CLANG_WARN_DEPRECATED_OBJC_IMPLEMENTATIONS = YES;
				CLANG_WARN_DIRECT_OBJC_ISA_USAGE = YES_ERROR;
				CLANG_WARN_DOCUMENTATION_COMMENTS = YES;
				CLANG_WARN_EMPTY_BODY = YES;
				CLANG_WARN_ENUM_CONVERSION = YES;
				CLANG_WARN_INFINITE_RECURSION = YES;
				CLANG_WARN_INT_CONVERSION = YES;
				CLANG_WARN_NON_LITERAL_NULL_CONVERSION = YES;
				CLANG_WARN_OBJC_IMPLICIT_RETAIN_SELF = YES;
				CLANG_WARN_OBJC_LITERAL_CONVERSION = YES;
				CLANG_WARN_OBJC_ROOT_CLASS = YES_ERROR;
				CLANG_WARN_QUOTED_INCLUDE_IN_FRAMEWORK_HEADER = YES;
				CLANG_WARN_RANGE_LOOP_ANALYSIS = YES;
				CLANG_WARN_STRICT_PROTOTYPES = YES;
				CLANG_WARN_SUSPICIOUS_MOVE = YES;
				CLANG_WARN_UNGUARDED_AVAILABILITY = YES_AGGRESSIVE;
				CLANG_WARN_UNREACHABLE_CODE = YES;
				CLANG_WARN__DUPLICATE_METHOD_MATCH = YES;
				COPY_PHASE_STRIP = NO;
				DEBUG_INFORMATION_FORMAT = "dwarf-with-dsym";
				ENABLE_NS_ASSERTIONS = NO;
				ENABLE_STRICT_OBJC_MSGSEND = YES;
				GCC_C_LANGUAGE_STANDARD = gnu11;
				GCC_NO_COMMON_BLOCKS = YES;
				GCC_WARN_64_TO_32_BIT_CONVERSION = YES;
				GCC_WARN_ABOUT_RETURN_TYPE = YES_ERROR;
				GCC_WARN_UNDECLARED_SELECTOR = YES;
				GCC_WARN_UNINITIALIZED_AUTOS = YES_AGGRESSIVE;
				GCC_WARN_UNUSED_FUNCTION = YES;
				GCC_WARN_UNUSED_VARIABLE = YES;
				MTL_ENABLE_DEBUG_INFO = NO;
				MTL_FAST_MATH = YES;
				SWIFT_COMPILATION_MODE = wholemodule;
				SWIFT_OPTIMIZATION_LEVEL = "-O";
			};
			name = Release;
		};
		CF7D4FB329ACEAF900BC921D /* Debug */ = {
			isa = XCBuildConfiguration;
			buildSettings = {
				ASSETCATALOG_COMPILER_APPICON_NAME = AppIcon;
				ASSETCATALOG_COMPILER_GLOBAL_ACCENT_COLOR_NAME = AccentColor;
				CODE_SIGN_ENTITLEMENTS = Webinar/Webinar.entitlements;
				CODE_SIGN_STYLE = Automatic;
				CURRENT_PROJECT_VERSION = 1;
				DEVELOPMENT_ASSET_PATHS = "\"Webinar/Preview Content\"";
				DEVELOPMENT_TEAM = MX2FBKL65A;
				ENABLE_HARDENED_RUNTIME = YES;
				ENABLE_PREVIEWS = YES;
				GENERATE_INFOPLIST_FILE = YES;
				"INFOPLIST_KEY_UIApplicationSceneManifest_Generation[sdk=iphoneos*]" = YES;
				"INFOPLIST_KEY_UIApplicationSceneManifest_Generation[sdk=iphonesimulator*]" = YES;
				"INFOPLIST_KEY_UIApplicationSupportsIndirectInputEvents[sdk=iphoneos*]" = YES;
				"INFOPLIST_KEY_UIApplicationSupportsIndirectInputEvents[sdk=iphonesimulator*]" = YES;
				"INFOPLIST_KEY_UILaunchScreen_Generation[sdk=iphoneos*]" = YES;
				"INFOPLIST_KEY_UILaunchScreen_Generation[sdk=iphonesimulator*]" = YES;
				"INFOPLIST_KEY_UIStatusBarStyle[sdk=iphoneos*]" = UIStatusBarStyleDefault;
				"INFOPLIST_KEY_UIStatusBarStyle[sdk=iphonesimulator*]" = UIStatusBarStyleDefault;
				INFOPLIST_KEY_UISupportedInterfaceOrientations_iPad = "UIInterfaceOrientationPortrait UIInterfaceOrientationPortraitUpsideDown UIInterfaceOrientationLandscapeLeft UIInterfaceOrientationLandscapeRight";
				INFOPLIST_KEY_UISupportedInterfaceOrientations_iPhone = "UIInterfaceOrientationPortrait UIInterfaceOrientationLandscapeLeft UIInterfaceOrientationLandscapeRight";
				IPHONEOS_DEPLOYMENT_TARGET = 16.2;
				LD_RUNPATH_SEARCH_PATHS = "@executable_path/Frameworks";
				"LD_RUNPATH_SEARCH_PATHS[sdk=macosx*]" = "@executable_path/../Frameworks";
				MACOSX_DEPLOYMENT_TARGET = 13.1;
				MARKETING_VERSION = 1.0;
				PRODUCT_BUNDLE_IDENTIFIER = com.appnoe.Webinar;
				PRODUCT_NAME = "$(TARGET_NAME)";
				SDKROOT = auto;
				SUPPORTED_PLATFORMS = "iphoneos iphonesimulator macosx";
				SWIFT_EMIT_LOC_STRINGS = YES;
				SWIFT_VERSION = 5.0;
				TARGETED_DEVICE_FAMILY = "1,2";
			};
			name = Debug;
		};
		CF7D4FB429ACEAF900BC921D /* Release */ = {
			isa = XCBuildConfiguration;
			buildSettings = {
				ASSETCATALOG_COMPILER_APPICON_NAME = AppIcon;
				ASSETCATALOG_COMPILER_GLOBAL_ACCENT_COLOR_NAME = AccentColor;
				CODE_SIGN_ENTITLEMENTS = Webinar/Webinar.entitlements;
				CODE_SIGN_STYLE = Automatic;
				CURRENT_PROJECT_VERSION = 1;
				DEVELOPMENT_ASSET_PATHS = "\"Webinar/Preview Content\"";
				DEVELOPMENT_TEAM = MX2FBKL65A;
				ENABLE_HARDENED_RUNTIME = YES;
				ENABLE_PREVIEWS = YES;
				GENERATE_INFOPLIST_FILE = YES;
				"INFOPLIST_KEY_UIApplicationSceneManifest_Generation[sdk=iphoneos*]" = YES;
				"INFOPLIST_KEY_UIApplicationSceneManifest_Generation[sdk=iphonesimulator*]" = YES;
				"INFOPLIST_KEY_UIApplicationSupportsIndirectInputEvents[sdk=iphoneos*]" = YES;
				"INFOPLIST_KEY_UIApplicationSupportsIndirectInputEvents[sdk=iphonesimulator*]" = YES;
				"INFOPLIST_KEY_UILaunchScreen_Generation[sdk=iphoneos*]" = YES;
				"INFOPLIST_KEY_UILaunchScreen_Generation[sdk=iphonesimulator*]" = YES;
				"INFOPLIST_KEY_UIStatusBarStyle[sdk=iphoneos*]" = UIStatusBarStyleDefault;
				"INFOPLIST_KEY_UIStatusBarStyle[sdk=iphonesimulator*]" = UIStatusBarStyleDefault;
				INFOPLIST_KEY_UISupportedInterfaceOrientations_iPad = "UIInterfaceOrientationPortrait UIInterfaceOrientationPortraitUpsideDown UIInterfaceOrientationLandscapeLeft UIInterfaceOrientationLandscapeRight";
				INFOPLIST_KEY_UISupportedInterfaceOrientations_iPhone = "UIInterfaceOrientationPortrait UIInterfaceOrientationLandscapeLeft UIInterfaceOrientationLandscapeRight";
				IPHONEOS_DEPLOYMENT_TARGET = 16.2;
				LD_RUNPATH_SEARCH_PATHS = "@executable_path/Frameworks";
				"LD_RUNPATH_SEARCH_PATHS[sdk=macosx*]" = "@executable_path/../Frameworks";
				MACOSX_DEPLOYMENT_TARGET = 13.1;
				MARKETING_VERSION = 1.0;
				PRODUCT_BUNDLE_IDENTIFIER = com.appnoe.Webinar;
				PRODUCT_NAME = "$(TARGET_NAME)";
				SDKROOT = auto;
				SUPPORTED_PLATFORMS = "iphoneos iphonesimulator macosx";
				SWIFT_EMIT_LOC_STRINGS = YES;
				SWIFT_VERSION = 5.0;
				TARGETED_DEVICE_FAMILY = "1,2";
			};
			name = Release;
		};
/* End XCBuildConfiguration section */

/* Begin XCConfigurationList section */
		CF3063D129ADF39000D93256 /* Build configuration list for PBXNativeTarget "Webinar-Watch Watch App" */ = {
			isa = XCConfigurationList;
			buildConfigurations = (
				CF3063D229ADF39000D93256 /* Debug */,
				CF3063D329ADF39000D93256 /* Release */,
			);
			defaultConfigurationIsVisible = 0;
			defaultConfigurationName = Release;
		};
		CF3063D529ADF39000D93256 /* Build configuration list for PBXNativeTarget "Webinar-Watch" */ = {
			isa = XCConfigurationList;
			buildConfigurations = (
				CF3063D629ADF39000D93256 /* Debug */,
				CF3063D729ADF39000D93256 /* Release */,
			);
			defaultConfigurationIsVisible = 0;
			defaultConfigurationName = Release;
		};
		CF7D4F9E29ACEAF900BC921D /* Build configuration list for PBXProject "Webinar" */ = {
			isa = XCConfigurationList;
			buildConfigurations = (
				CF7D4FB029ACEAF900BC921D /* Debug */,
				CF7D4FB129ACEAF900BC921D /* Release */,
			);
			defaultConfigurationIsVisible = 0;
			defaultConfigurationName = Release;
		};
		CF7D4FB229ACEAF900BC921D /* Build configuration list for PBXNativeTarget "Webinar" */ = {
			isa = XCConfigurationList;
			buildConfigurations = (
				CF7D4FB329ACEAF900BC921D /* Debug */,
				CF7D4FB429ACEAF900BC921D /* Release */,
			);
			defaultConfigurationIsVisible = 0;
			defaultConfigurationName = Release;
		};
/* End XCConfigurationList section */
	};
	rootObject = CF7D4F9B29ACEAF900BC921D /* Project object */;
}
